# This file is automatically @generated by Cargo.
# It is not intended for manual editing.
version = 3

[[package]]
name = "icondata"
version = "0.4.0"
dependencies = [
 "icondata_ai",
 "icondata_bi",
 "icondata_bs",
 "icondata_cg",
 "icondata_ch",
 "icondata_core",
 "icondata_fa",
 "icondata_fi",
 "icondata_hi",
 "icondata_im",
 "icondata_io",
 "icondata_lu",
 "icondata_oc",
 "icondata_ri",
 "icondata_si",
 "icondata_tb",
 "icondata_ti",
 "icondata_vs",
 "icondata_wi",
]

[[package]]
name = "icondata_ai"
version = "0.0.10"
dependencies = [
 "icondata_core",
]

[[package]]
name = "icondata_bi"
version = "0.0.10"
dependencies = [
 "icondata_core",
]

[[package]]
name = "icondata_bs"
version = "0.0.10"
dependencies = [
 "icondata_core",
]

[[package]]
name = "icondata_cg"
version = "0.0.10"
dependencies = [
 "icondata_core",
]

[[package]]
name = "icondata_ch"
version = "0.0.10"
dependencies = [
 "icondata_core",
]

[[package]]
name = "icondata_core"
version = "0.1.0"
dependencies = [
 "serde",
]

[[package]]
name = "icondata_fa"
version = "0.0.10"
dependencies = [
 "icondata_core",
]

[[package]]
name = "icondata_fi"
version = "0.0.10"
dependencies = [
 "icondata_core",
]

[[package]]
name = "icondata_hi"
version = "0.0.10"
dependencies = [
 "icondata_core",
]

[[package]]
name = "icondata_im"
version = "0.0.10"
dependencies = [
 "icondata_core",
]

[[package]]
name = "icondata_io"
version = "0.0.10"
dependencies = [
 "icondata_core",
]

[[package]]
name = "icondata_lu"
version = "0.0.10"
dependencies = [
 "icondata_core",
]

[[package]]
name = "icondata_oc"
version = "0.0.10"
dependencies = [
 "icondata_core",
]

[[package]]
name = "icondata_ri"
version = "0.0.10"
dependencies = [
 "icondata_core",
]

[[package]]
name = "icondata_si"
version = "0.0.10"
dependencies = [
 "icondata_core",
]

[[package]]
name = "icondata_tb"
version = "0.0.10"
dependencies = [
 "icondata_core",
]

[[package]]
name = "icondata_ti"
version = "0.0.10"
dependencies = [
 "icondata_core",
]

[[package]]
name = "icondata_vs"
version = "0.0.10"
dependencies = [
 "icondata_core",
]

[[package]]
name = "icondata_wi"
version = "0.0.10"
dependencies = [
 "icondata_core",
]

[[package]]
name = "proc-macro2"
version = "1.0.86"
source = "registry+https://github.com/rust-lang/crates.io-index"
checksum = "5e719e8df665df0d1c8fbfd238015744736151d4445ec0836b8e628aae103b77"
dependencies = [
 "unicode-ident",
]

[[package]]
name = "quote"
version = "1.0.36"
source = "registry+https://github.com/rust-lang/crates.io-index"
checksum = "0fa76aaf39101c457836aec0ce2316dbdc3ab723cdda1c6bd4e6ad4208acaca7"
dependencies = [
 "proc-macro2",
]

[[package]]
name = "serde"
version = "1.0.204"
source = "registry+https://github.com/rust-lang/crates.io-index"
checksum = "bc76f558e0cbb2a839d37354c575f1dc3fdc6546b5be373ba43d95f231bf7c12"
dependencies = [
 "serde_derive",
]

[[package]]
name = "serde_derive"
version = "1.0.204"
source = "registry+https://github.com/rust-lang/crates.io-index"
checksum = "e0cd7e117be63d3c3678776753929474f3b04a43a080c744d6b0ae2a8c28e222"
dependencies = [
 "proc-macro2",
 "quote",
 "syn",
]

[[package]]
name = "syn"
version = "2.0.72"
source = "registry+https://github.com/rust-lang/crates.io-index"
checksum = "dc4b9b9bf2add8093d3f2c0204471e951b2285580335de42f9d2534f3ae7a8af"
dependencies = [
 "proc-macro2",
 "quote",
 "unicode-ident",
]

[[package]]
name = "unicode-ident"
version = "1.0.12"
source = "registry+https://github.com/rust-lang/crates.io-index"
checksum = "3354b9ac3fae1ff6755cb6db53683adb661634f67557942dea4facebec0fee4b"
